
Microsoft Visual Studio Solution File, Format Version 12.00
# Visual Studio Version 17
VisualStudioVersion = 17.11.35312.102
MinimumVisualStudioVersion = 10.0.40219.1
Project("{FAE04EC0-301F-11D3-BF4B-00C04F79EFBC}") = "Fuhrparkverwaltung", "Fuhrparkverwaltung\Fuhrparkverwaltung.csproj", "{8D8D68AF-41C1-4159-AA2B-D040490CBA0E}"
EndProject
Global
	GlobalSection(SolutionConfigurationPlatforms) = preSolution
		Debug|Any CPU = Debug|Any CPU
		Release|Any CPU = Release|Any CPU
	EndGlobalSection
	GlobalSection(ProjectConfigurationPlatforms) = postSolution
		{8D8D68AF-41C1-4159-AA2B-D040490CBA0E}.Debug|Any CPU.ActiveCfg = Debug|Any CPU
		{8D8D68AF-41C1-4159-AA2B-D040490CBA0E}.Debug|Any CPU.Build.0 = Debug|Any CPU
		{8D8D68AF-41C1-4159-AA2B-D040490CBA0E}.Release|Any CPU.ActiveCfg = Release|Any CPU
		{8D8D68AF-41C1-4159-AA2B-D040490CBA0E}.Release|Any CPU.Build.0 = Release|Any CPU
	EndGlobalSection
	GlobalSection(SolutionProperties) = preSolution
		HideSolutionNode = FALSE
	EndGlobalSection
	GlobalSection(ExtensibilityGlobals) = postSolution
		SolutionGuid = {79302830-8B30-4A47-9760-551FDAE53849}
	EndGlobalSection
EndGlobal
